{
  "version": 2,
  "dependencies": {
    "net10.0": {
      "AWSSDK.DynamoDBv2": {
        "type": "Direct",
        "requested": "[4.0.10.5, )",
        "resolved": "4.0.10.5",
        "contentHash": "ULdgADM2DzrNXDD7KSCzhvMIFs/lHXclHnuvqNrQVM8v3Gf61E6g+CgHOfY6ZIdNcgtanI3BsLVdJXMIYWxnbw==",
        "dependencies": {
          "AWSSDK.Core": "[4.0.3.6, 5.0.0)"
        }
      },
      "AWSSDK.Core": {
        "type": "Transitive",
        "resolved": "4.0.3.6",
        "contentHash": "bx61NSP9bQ5BTPXGzyhS7f4d+YzIiSelsblj8JALHp5uoYKVRnoRTbWb3lyUTdzJ9UZj7Q7JiQ8sJJ5JHQ5Jrg=="
      },
      "Microsoft.Extensions.Primitives": {
        "type": "Transitive",
        "resolved": "10.0.0",
        "contentHash": "inRnbpCS0nwO/RuoZIAqxQUuyjaknOOnCEZB55KSMMjRhl0RQDttSmLSGsUJN3RQ3ocf5NDLFd2mOQViHqMK5w=="
      },
      "saansoft.taggedcache": {
        "type": "Project",
        "dependencies": {
          "Microsoft.Extensions.Caching.Abstractions": "[10.0.0, )",
          "Microsoft.Extensions.DependencyInjection.Abstractions": "[10.0.0, )"
        }
      },
      "Microsoft.Extensions.Caching.Abstractions": {
        "type": "CentralTransitive",
        "requested": "[10.0.0, )",
        "resolved": "10.0.0",
        "contentHash": "Zcoy6H9mSoGyvr7UvlGokEZrlZkcPCICPZr8mCsSt9U/N8eeCwCXwKF5bShdA66R0obxBCwP4AxomQHvVkC/uA==",
        "dependencies": {
          "Microsoft.Extensions.Primitives": "10.0.0"
        }
      },
      "Microsoft.Extensions.DependencyInjection.Abstractions": {
        "type": "CentralTransitive",
        "requested": "[10.0.0, )",
        "resolved": "10.0.0",
        "contentHash": "L3AdmZ1WOK4XXT5YFPEwyt0ep6l8lGIPs7F5OOBZc77Zqeo01Of7XXICy47628sdVl0v/owxYJTe86DTgFwKCA=="
      }
    }
  }
}